
Microsoft Visual Studio Solution File, Format Version 12.00
# Visual Studio Version 16
VisualStudioVersion = 16.0.31702.278
MinimumVisualStudioVersion = 10.0.40219.1
Project("{2150E333-8FDC-42A3-9474-1A3956D46DE8}") = "Solution Items", "Solution Items", "{21CDF60A-DCD3-4177-97DB-ADFDE58197F7}"
	ProjectSection(SolutionItems) = preProject
		app1 = app1
		app1_data = app1_data
		DIDALibraries\LibDIDAStorage.dll = DIDALibraries\LibDIDAStorage.dll
		DIDALibraries\LibDIDAWorker.dll = DIDALibraries\LibDIDAWorker.dll
		pmscript1 = pmscript1
	EndProjectSection
EndProject
Project("{9A19103F-16F7-4668-BE54-9A1E7A4F7556}") = "PMGUI", "PMGUI\PMGUI.csproj", "{0CCD5751-8BFE-41C4-BE9F-58659D75FC7A}"
EndProject
Project("{9A19103F-16F7-4668-BE54-9A1E7A4F7556}") = "ClassLibraryPM", "ClassLibraryPM\ClassLibraryPM.csproj", "{5F84449F-2ACE-432F-AAEB-FA05397E6A8F}"
EndProject
Project("{9A19103F-16F7-4668-BE54-9A1E7A4F7556}") = "Scheduler", "Scheduler\Scheduler.csproj", "{AD5FCE30-775A-4C21-B4DB-36CFCFC252B0}"
EndProject
Project("{9A19103F-16F7-4668-BE54-9A1E7A4F7556}") = "Storage", "Storage\Storage.csproj", "{37F07B6C-82C5-421F-B53F-6FC05B5CE0A4}"
EndProject
Project("{9A19103F-16F7-4668-BE54-9A1E7A4F7556}") = "Worker", "Worker\Worker.csproj", "{B562BD4A-5B57-4281-B768-896EDCD0E2F1}"
EndProject
Global
	GlobalSection(SolutionConfigurationPlatforms) = preSolution
		Debug|Any CPU = Debug|Any CPU
		Release|Any CPU = Release|Any CPU
	EndGlobalSection
	GlobalSection(ProjectConfigurationPlatforms) = postSolution
		{0CCD5751-8BFE-41C4-BE9F-58659D75FC7A}.Debug|Any CPU.ActiveCfg = Debug|Any CPU
		{0CCD5751-8BFE-41C4-BE9F-58659D75FC7A}.Debug|Any CPU.Build.0 = Debug|Any CPU
		{0CCD5751-8BFE-41C4-BE9F-58659D75FC7A}.Release|Any CPU.ActiveCfg = Release|Any CPU
		{0CCD5751-8BFE-41C4-BE9F-58659D75FC7A}.Release|Any CPU.Build.0 = Release|Any CPU
		{5F84449F-2ACE-432F-AAEB-FA05397E6A8F}.Debug|Any CPU.ActiveCfg = Debug|Any CPU
		{5F84449F-2ACE-432F-AAEB-FA05397E6A8F}.Debug|Any CPU.Build.0 = Debug|Any CPU
		{5F84449F-2ACE-432F-AAEB-FA05397E6A8F}.Release|Any CPU.ActiveCfg = Release|Any CPU
		{5F84449F-2ACE-432F-AAEB-FA05397E6A8F}.Release|Any CPU.Build.0 = Release|Any CPU
		{AD5FCE30-775A-4C21-B4DB-36CFCFC252B0}.Debug|Any CPU.ActiveCfg = Debug|Any CPU
		{AD5FCE30-775A-4C21-B4DB-36CFCFC252B0}.Debug|Any CPU.Build.0 = Debug|Any CPU
		{AD5FCE30-775A-4C21-B4DB-36CFCFC252B0}.Release|Any CPU.ActiveCfg = Release|Any CPU
		{AD5FCE30-775A-4C21-B4DB-36CFCFC252B0}.Release|Any CPU.Build.0 = Release|Any CPU
		{37F07B6C-82C5-421F-B53F-6FC05B5CE0A4}.Debug|Any CPU.ActiveCfg = Debug|Any CPU
		{37F07B6C-82C5-421F-B53F-6FC05B5CE0A4}.Debug|Any CPU.Build.0 = Debug|Any CPU
		{37F07B6C-82C5-421F-B53F-6FC05B5CE0A4}.Release|Any CPU.ActiveCfg = Release|Any CPU
		{37F07B6C-82C5-421F-B53F-6FC05B5CE0A4}.Release|Any CPU.Build.0 = Release|Any CPU
		{B562BD4A-5B57-4281-B768-896EDCD0E2F1}.Debug|Any CPU.ActiveCfg = Debug|Any CPU
		{B562BD4A-5B57-4281-B768-896EDCD0E2F1}.Debug|Any CPU.Build.0 = Debug|Any CPU
		{B562BD4A-5B57-4281-B768-896EDCD0E2F1}.Release|Any CPU.ActiveCfg = Release|Any CPU
		{B562BD4A-5B57-4281-B768-896EDCD0E2F1}.Release|Any CPU.Build.0 = Release|Any CPU
	EndGlobalSection
	GlobalSection(SolutionProperties) = preSolution
		HideSolutionNode = FALSE
	EndGlobalSection
	GlobalSection(ExtensibilityGlobals) = postSolution
		SolutionGuid = {3B473C00-BD57-410D-99CF-032332BEB29F}
	EndGlobalSection
EndGlobal
